
Microsoft Visual Studio Solution File, Format Version 12.00
# Visual Studio Version 17
VisualStudioVersion = 17.2.32616.157
MinimumVisualStudioVersion = 10.0.40219.1
Project("{9A19103F-16F7-4668-BE54-9A1E7A4F7556}") = "WebAPI", "WebAPIManipulacaoString\WebAPI.csproj", "{4B605584-186F-4C6C-93E6-87C47A10D3A7}"
EndProject
Global
	GlobalSection(SolutionConfigurationPlatforms) = preSolution
		Debug|Any CPU = Debug|Any CPU
		Release|Any CPU = Release|Any CPU
	EndGlobalSection
	GlobalSection(ProjectConfigurationPlatforms) = postSolution
		{4B605584-186F-4C6C-93E6-87C47A10D3A7}.Debug|Any CPU.ActiveCfg = Debug|Any CPU
		{4B605584-186F-4C6C-93E6-87C47A10D3A7}.Debug|Any CPU.Build.0 = Debug|Any CPU
		{4B605584-186F-4C6C-93E6-87C47A10D3A7}.Release|Any CPU.ActiveCfg = Release|Any CPU
		{4B605584-186F-4C6C-93E6-87C47A10D3A7}.Release|Any CPU.Build.0 = Release|Any CPU
	EndGlobalSection
	GlobalSection(SolutionProperties) = preSolution
		HideSolutionNode = FALSE
	EndGlobalSection
	GlobalSection(ExtensibilityGlobals) = postSolution
		SolutionGuid = {7CB0C64C-D25C-4E2B-BD26-1BF97F8E1D4D}
	EndGlobalSection
EndGlobal
